{
	"name": "cloudflare-teams-dns-privacy-adblock",
	"version": "1.0.0",
	"lockfileVersion": 2,
	"requires": true,
	"packages": {
		"": {
			"name": "cloudflare-teams-dns-privacy-adblock",
			"version": "1.0.0",
			"license": "GPL-3.0-or-later",
			"dependencies": {
				"@github/webauthn-json": "^0.6.2"
			}
		},
		"node_modules/@github/webauthn-json": {
			"version": "0.6.2",
			"resolved": "https://registry.npmjs.org/@github/webauthn-json/-/webauthn-json-0.6.2.tgz",
			"integrity": "sha512-DSLEO5XdSyzz7VB+0RYoSu3IpiTvR3+46hgykGJvxUG1aabOvvct5u320jXUdZcJ28SR9EIcclHko2dHWRi/5Q==",
			"bin": {
				"webauthn-json": "dist/bin/main.js"
			}
		}
	},
	"dependencies": {
		"@github/webauthn-json": {
			"version": "0.6.2",
			"resolved": "https://registry.npmjs.org/@github/webauthn-json/-/webauthn-json-0.6.2.tgz",
			"integrity": "sha512-DSLEO5XdSyzz7VB+0RYoSu3IpiTvR3+46hgykGJvxUG1aabOvvct5u320jXUdZcJ28SR9EIcclHko2dHWRi/5Q=="
		}
	}
}
